
Microsoft Visual Studio Solution File, Format Version 12.00
# Visual Studio Version 17
VisualStudioVersion = 17.0.32126.317
MinimumVisualStudioVersion = 10.0.40219.1
Project("{9A19103F-16F7-4668-BE54-9A1E7A4F7556}") = "BlazorBasic", "Client\BlazorBasic.csproj", "{A789CAE2-99A1-4D0D-B492-6FB0A727E94D}"
EndProject
Project("{2150E333-8FDC-42A3-9474-1A3956D46DE8}") = "api", "api", "{25B7B094-D176-49CD-8270-3D3C3F25B550}"
	ProjectSection(SolutionItems) = preProject
		api\.funcignore = api\.funcignore
		api\.gitignore = api\.gitignore
		api\host.json = api\host.json
		api\local.settings.json = api\local.settings.json
		api\package-lock.json = api\package-lock.json
		package.json = package.json
		api\package.json = api\package.json
		swa-cli.config.json = swa-cli.config.json
	EndProjectSection
EndProject
Project("{2150E333-8FDC-42A3-9474-1A3956D46DE8}") = "client", "client", "{40ABF362-C7CA-401C-BA50-D55B936965BB}"
EndProject
Project("{9A19103F-16F7-4668-BE54-9A1E7A4F7556}") = "FunctionApiForBasicBlazor", "api\functions\FunctionApiForBasicBlazor\FunctionApiForBasicBlazor.csproj", "{021D8045-80D3-4BDC-86B0-854B06F675D2}"
EndProject
Project("{2150E333-8FDC-42A3-9474-1A3956D46DE8}") = "message", "message", "{51C09794-25E6-4743-B63D-CE352888D2BA}"
	ProjectSection(SolutionItems) = preProject
		api\message\function.json = api\message\function.json
		api\message\index.js = api\message\index.js
		api\message\sample.dat = api\message\sample.dat
	EndProjectSection
EndProject
Project("{2150E333-8FDC-42A3-9474-1A3956D46DE8}") = "Solution Items", "Solution Items", "{64E50D3A-4A85-4086-8692-DBDAD098827D}"
	ProjectSection(SolutionItems) = preProject
		.env = .env
		.gitignore = .gitignore
		package-lock.json = package-lock.json
		package.json = package.json
		README.md = README.md
		swa-cli.config.json = swa-cli.config.json
		__azurite_db_blob_extent__.json = __azurite_db_blob_extent__.json
		__azurite_db_blob__.json = __azurite_db_blob__.json
	EndProjectSection
EndProject
Global
	GlobalSection(SolutionConfigurationPlatforms) = preSolution
		Debug|Any CPU = Debug|Any CPU
		Release|Any CPU = Release|Any CPU
	EndGlobalSection
	GlobalSection(ProjectConfigurationPlatforms) = postSolution
		{A789CAE2-99A1-4D0D-B492-6FB0A727E94D}.Debug|Any CPU.ActiveCfg = Debug|Any CPU
		{A789CAE2-99A1-4D0D-B492-6FB0A727E94D}.Debug|Any CPU.Build.0 = Debug|Any CPU
		{A789CAE2-99A1-4D0D-B492-6FB0A727E94D}.Release|Any CPU.ActiveCfg = Release|Any CPU
		{A789CAE2-99A1-4D0D-B492-6FB0A727E94D}.Release|Any CPU.Build.0 = Release|Any CPU
		{021D8045-80D3-4BDC-86B0-854B06F675D2}.Debug|Any CPU.ActiveCfg = Debug|Any CPU
		{021D8045-80D3-4BDC-86B0-854B06F675D2}.Debug|Any CPU.Build.0 = Debug|Any CPU
		{021D8045-80D3-4BDC-86B0-854B06F675D2}.Release|Any CPU.ActiveCfg = Release|Any CPU
		{021D8045-80D3-4BDC-86B0-854B06F675D2}.Release|Any CPU.Build.0 = Release|Any CPU
	EndGlobalSection
	GlobalSection(SolutionProperties) = preSolution
		HideSolutionNode = FALSE
	EndGlobalSection
	GlobalSection(NestedProjects) = preSolution
		{A789CAE2-99A1-4D0D-B492-6FB0A727E94D} = {40ABF362-C7CA-401C-BA50-D55B936965BB}
		{021D8045-80D3-4BDC-86B0-854B06F675D2} = {25B7B094-D176-49CD-8270-3D3C3F25B550}
		{51C09794-25E6-4743-B63D-CE352888D2BA} = {25B7B094-D176-49CD-8270-3D3C3F25B550}
	EndGlobalSection
	GlobalSection(ExtensibilityGlobals) = postSolution
		SolutionGuid = {4F9D01E7-687B-44CB-8224-C8AA6C773351}
	EndGlobalSection
EndGlobal
